
Microsoft Visual Studio Solution File, Format Version 12.00
# Visual Studio Version 16
VisualStudioVersion = 16.0.29102.190
MinimumVisualStudioVersion = 10.0.40219.1
Project("{9A19103F-16F7-4668-BE54-9A1E7A4F7556}") = "BT5_StudentManagementSystem", "BT5_StudentManagementSystem\BT5_StudentManagementSystem.csproj", "{73B4E6A1-7195-402B-BE18-678199292026}"
EndProject
Project("{9A19103F-16F7-4668-BE54-9A1E7A4F7556}") = "BT2_QuanLyTinTuc", "BT2_QuanLyTinTuc\BT2_QuanLyTinTuc.csproj", "{335F0CE6-FCBC-452E-907B-A6CF49A14A67}"
EndProject
Project("{9A19103F-16F7-4668-BE54-9A1E7A4F7556}") = "BT3_BooksManagementSystem", "BT3_BooksManagementSystem\BT3_BooksManagementSystem.csproj", "{DDCFBE98-72CE-4B6C-81BF-2981DB842518}"
EndProject
Project("{9A19103F-16F7-4668-BE54-9A1E7A4F7556}") = "BT4_MarksManagementSystem", "BT4_MarksManagementSystem\BT4_MarksManagementSystem.csproj", "{2ACA6093-88E8-4716-BE05-23672DDAAB0D}"
EndProject
Project("{9A19103F-16F7-4668-BE54-9A1E7A4F7556}") = "BT6_FootballManagementSystem", "BT6_FootballManagementSystem\BT6_FootballManagementSystem.csproj", "{C765129B-95F5-46C1-A1EE-B574ED1243B8}"
EndProject
Project("{9A19103F-16F7-4668-BE54-9A1E7A4F7556}") = "BT7_ProductManagentSystem", "BT7_ProductManagentSystem\BT7_ProductManagentSystem.csproj", "{81D9804B-46D7-4F40-B340-5EC375DEC686}"
EndProject
Project("{9A19103F-16F7-4668-BE54-9A1E7A4F7556}") = "BT8_UserManagementSystem_practic7_Ex1", "BT8_UserManagementSystem_practic7_Ex1\BT8_UserManagementSystem_practic7_Ex1.csproj", "{BC277E54-C2EB-4BC8-B57E-2C79BED38E67}"
EndProject
Project("{9A19103F-16F7-4668-BE54-9A1E7A4F7556}") = "BT9_FarmManagementSystem", "BT9_FarmManagementSystem\BT9_FarmManagementSystem.csproj", "{537F7B2B-0064-49A7-9609-E36D0ED55D1E}"
EndProject
Project("{9A19103F-16F7-4668-BE54-9A1E7A4F7556}") = "BT910_ZooManagementSystem_Practic2_Ex2", "BT910_ZooManagementSystem_Practic2_Ex2\BT910_ZooManagementSystem_Practic2_Ex2.csproj", "{662CA97C-3F79-45FA-9482-B5B22894AE7F}"
EndProject
Project("{9A19103F-16F7-4668-BE54-9A1E7A4F7556}") = "BT911_MoviesManagementSystem", "BT911_MoviesManagementSystem\BT911_MoviesManagementSystem.csproj", "{927D7E0A-6C77-447D-91CD-0940C632C58B}"
EndProject
Project("{9A19103F-16F7-4668-BE54-9A1E7A4F7556}") = "BT1_HeThongQuanLySdt", "BT1_HeThongQuanLySdt\BT1_HeThongQuanLySdt.csproj", "{E4DAA907-95E0-42E6-B90A-1DB1A05DA8D4}"
EndProject
Project("{9A19103F-16F7-4668-BE54-9A1E7A4F7556}") = "BT912_Library_BorrowBook", "BT912_Library_BorrowBook\BT912_Library_BorrowBook.csproj", "{8623A77C-67A0-4378-B92B-BB1C46B67229}"
EndProject
Project("{FAE04EC0-301F-11D3-BF4B-00C04F79EFBC}") = "BT913_Add_DeleteArr", "BT913_Add_DeleteArr\BT913_Add_DeleteArr.csproj", "{06670E1E-49BC-4AB3-B981-3C45834092F5}"
EndProject
Global
	GlobalSection(SolutionConfigurationPlatforms) = preSolution
		Debug|Any CPU = Debug|Any CPU
		Release|Any CPU = Release|Any CPU
	EndGlobalSection
	GlobalSection(ProjectConfigurationPlatforms) = postSolution
		{73B4E6A1-7195-402B-BE18-678199292026}.Debug|Any CPU.ActiveCfg = Debug|Any CPU
		{73B4E6A1-7195-402B-BE18-678199292026}.Debug|Any CPU.Build.0 = Debug|Any CPU
		{73B4E6A1-7195-402B-BE18-678199292026}.Release|Any CPU.ActiveCfg = Release|Any CPU
		{73B4E6A1-7195-402B-BE18-678199292026}.Release|Any CPU.Build.0 = Release|Any CPU
		{335F0CE6-FCBC-452E-907B-A6CF49A14A67}.Debug|Any CPU.ActiveCfg = Debug|Any CPU
		{335F0CE6-FCBC-452E-907B-A6CF49A14A67}.Debug|Any CPU.Build.0 = Debug|Any CPU
		{335F0CE6-FCBC-452E-907B-A6CF49A14A67}.Release|Any CPU.ActiveCfg = Release|Any CPU
		{335F0CE6-FCBC-452E-907B-A6CF49A14A67}.Release|Any CPU.Build.0 = Release|Any CPU
		{DDCFBE98-72CE-4B6C-81BF-2981DB842518}.Debug|Any CPU.ActiveCfg = Debug|Any CPU
		{DDCFBE98-72CE-4B6C-81BF-2981DB842518}.Debug|Any CPU.Build.0 = Debug|Any CPU
		{DDCFBE98-72CE-4B6C-81BF-2981DB842518}.Release|Any CPU.ActiveCfg = Release|Any CPU
		{DDCFBE98-72CE-4B6C-81BF-2981DB842518}.Release|Any CPU.Build.0 = Release|Any CPU
		{2ACA6093-88E8-4716-BE05-23672DDAAB0D}.Debug|Any CPU.ActiveCfg = Debug|Any CPU
		{2ACA6093-88E8-4716-BE05-23672DDAAB0D}.Debug|Any CPU.Build.0 = Debug|Any CPU
		{2ACA6093-88E8-4716-BE05-23672DDAAB0D}.Release|Any CPU.ActiveCfg = Release|Any CPU
		{2ACA6093-88E8-4716-BE05-23672DDAAB0D}.Release|Any CPU.Build.0 = Release|Any CPU
		{C765129B-95F5-46C1-A1EE-B574ED1243B8}.Debug|Any CPU.ActiveCfg = Debug|Any CPU
		{C765129B-95F5-46C1-A1EE-B574ED1243B8}.Debug|Any CPU.Build.0 = Debug|Any CPU
		{C765129B-95F5-46C1-A1EE-B574ED1243B8}.Release|Any CPU.ActiveCfg = Release|Any CPU
		{C765129B-95F5-46C1-A1EE-B574ED1243B8}.Release|Any CPU.Build.0 = Release|Any CPU
		{81D9804B-46D7-4F40-B340-5EC375DEC686}.Debug|Any CPU.ActiveCfg = Debug|Any CPU
		{81D9804B-46D7-4F40-B340-5EC375DEC686}.Debug|Any CPU.Build.0 = Debug|Any CPU
		{81D9804B-46D7-4F40-B340-5EC375DEC686}.Release|Any CPU.ActiveCfg = Release|Any CPU
		{81D9804B-46D7-4F40-B340-5EC375DEC686}.Release|Any CPU.Build.0 = Release|Any CPU
		{BC277E54-C2EB-4BC8-B57E-2C79BED38E67}.Debug|Any CPU.ActiveCfg = Debug|Any CPU
		{BC277E54-C2EB-4BC8-B57E-2C79BED38E67}.Debug|Any CPU.Build.0 = Debug|Any CPU
		{BC277E54-C2EB-4BC8-B57E-2C79BED38E67}.Release|Any CPU.ActiveCfg = Release|Any CPU
		{BC277E54-C2EB-4BC8-B57E-2C79BED38E67}.Release|Any CPU.Build.0 = Release|Any CPU
		{537F7B2B-0064-49A7-9609-E36D0ED55D1E}.Debug|Any CPU.ActiveCfg = Debug|Any CPU
		{537F7B2B-0064-49A7-9609-E36D0ED55D1E}.Debug|Any CPU.Build.0 = Debug|Any CPU
		{537F7B2B-0064-49A7-9609-E36D0ED55D1E}.Release|Any CPU.ActiveCfg = Release|Any CPU
		{537F7B2B-0064-49A7-9609-E36D0ED55D1E}.Release|Any CPU.Build.0 = Release|Any CPU
		{662CA97C-3F79-45FA-9482-B5B22894AE7F}.Debug|Any CPU.ActiveCfg = Debug|Any CPU
		{662CA97C-3F79-45FA-9482-B5B22894AE7F}.Debug|Any CPU.Build.0 = Debug|Any CPU
		{662CA97C-3F79-45FA-9482-B5B22894AE7F}.Release|Any CPU.ActiveCfg = Release|Any CPU
		{662CA97C-3F79-45FA-9482-B5B22894AE7F}.Release|Any CPU.Build.0 = Release|Any CPU
		{927D7E0A-6C77-447D-91CD-0940C632C58B}.Debug|Any CPU.ActiveCfg = Debug|Any CPU
		{927D7E0A-6C77-447D-91CD-0940C632C58B}.Debug|Any CPU.Build.0 = Debug|Any CPU
		{927D7E0A-6C77-447D-91CD-0940C632C58B}.Release|Any CPU.ActiveCfg = Release|Any CPU
		{927D7E0A-6C77-447D-91CD-0940C632C58B}.Release|Any CPU.Build.0 = Release|Any CPU
		{E4DAA907-95E0-42E6-B90A-1DB1A05DA8D4}.Debug|Any CPU.ActiveCfg = Debug|Any CPU
		{E4DAA907-95E0-42E6-B90A-1DB1A05DA8D4}.Debug|Any CPU.Build.0 = Debug|Any CPU
		{E4DAA907-95E0-42E6-B90A-1DB1A05DA8D4}.Release|Any CPU.ActiveCfg = Release|Any CPU
		{E4DAA907-95E0-42E6-B90A-1DB1A05DA8D4}.Release|Any CPU.Build.0 = Release|Any CPU
		{8623A77C-67A0-4378-B92B-BB1C46B67229}.Debug|Any CPU.ActiveCfg = Debug|Any CPU
		{8623A77C-67A0-4378-B92B-BB1C46B67229}.Debug|Any CPU.Build.0 = Debug|Any CPU
		{8623A77C-67A0-4378-B92B-BB1C46B67229}.Release|Any CPU.ActiveCfg = Release|Any CPU
		{8623A77C-67A0-4378-B92B-BB1C46B67229}.Release|Any CPU.Build.0 = Release|Any CPU
		{06670E1E-49BC-4AB3-B981-3C45834092F5}.Debug|Any CPU.ActiveCfg = Debug|Any CPU
		{06670E1E-49BC-4AB3-B981-3C45834092F5}.Debug|Any CPU.Build.0 = Debug|Any CPU
		{06670E1E-49BC-4AB3-B981-3C45834092F5}.Release|Any CPU.ActiveCfg = Release|Any CPU
		{06670E1E-49BC-4AB3-B981-3C45834092F5}.Release|Any CPU.Build.0 = Release|Any CPU
	EndGlobalSection
	GlobalSection(SolutionProperties) = preSolution
		HideSolutionNode = FALSE
	EndGlobalSection
	GlobalSection(ExtensibilityGlobals) = postSolution
		SolutionGuid = {2A6F0F8F-E0E4-4294-B73E-1C71DC7D91BD}
	EndGlobalSection
EndGlobal
