
Microsoft Visual Studio Solution File, Format Version 12.00
# Visual Studio Version 16
VisualStudioVersion = 16.0.29102.190
MinimumVisualStudioVersion = 10.0.40219.1
Project("{9A19103F-16F7-4668-BE54-9A1E7A4F7556}") = "Ex01", "Ex01\Ex01.csproj", "{B9795ED0-5068-4603-9324-FEC2144C1100}"
EndProject
Project("{9A19103F-16F7-4668-BE54-9A1E7A4F7556}") = "Ex02", "Ex2\Ex02.csproj", "{92E3B179-B8C9-43EB-8367-8A7AF58E02CB}"
EndProject
Project("{9A19103F-16F7-4668-BE54-9A1E7A4F7556}") = "Ex05", "Ex05\Ex05.csproj", "{D6C5A15D-ED47-41B8-9303-D935A676E98D}"
EndProject
Project("{9A19103F-16F7-4668-BE54-9A1E7A4F7556}") = "Ex08", "Ex08\Ex08.csproj", "{1008AE41-5431-47F9-AA57-57403A174FA9}"
EndProject
Project("{9A19103F-16F7-4668-BE54-9A1E7A4F7556}") = "Ex09", "Ex09\Ex09.csproj", "{96B96CE4-3FAD-425E-8FC4-E78C3D65CF37}"
EndProject
Project("{9A19103F-16F7-4668-BE54-9A1E7A4F7556}") = "Ex13", "Ex13\Ex13.csproj", "{AEB7DECC-189D-430D-A575-DD080AE657BD}"
EndProject
Project("{9A19103F-16F7-4668-BE54-9A1E7A4F7556}") = "Ex14", "Ex14\Ex14.csproj", "{9F032EE4-EBFA-4E10-9FBE-91A18584F104}"
EndProject
Project("{9A19103F-16F7-4668-BE54-9A1E7A4F7556}") = "Ex15", "Ex15\Ex15.csproj", "{A2C4D3E5-D6C3-486F-80BC-6F048F60C915}"
EndProject
Project("{9A19103F-16F7-4668-BE54-9A1E7A4F7556}") = "Ex16", "Ex16\Ex16.csproj", "{9E010F40-8A92-432E-9AEB-CD7740DF2A25}"
EndProject
Project("{9A19103F-16F7-4668-BE54-9A1E7A4F7556}") = "Ex18", "Ex18\Ex18.csproj", "{0C4C9EFC-647C-4EAE-A076-A4B868DCDA8F}"
EndProject
Project("{9A19103F-16F7-4668-BE54-9A1E7A4F7556}") = "Ex19", "Ex19\Ex19.csproj", "{A03B6526-EAB3-43D2-AAEB-58927E16F09D}"
EndProject
Project("{9A19103F-16F7-4668-BE54-9A1E7A4F7556}") = "Ex23", "Ex23\Ex23.csproj", "{52B63821-B908-44AC-B2CF-B237D5920F01}"
EndProject
Project("{9A19103F-16F7-4668-BE54-9A1E7A4F7556}") = "Ex24", "Ex24\Ex24.csproj", "{66AE9719-FDD6-4B07-B094-85E3F7933E04}"
EndProject
Project("{9A19103F-16F7-4668-BE54-9A1E7A4F7556}") = "Ex26", "Ex26\Ex26.csproj", "{ED61999E-C3F8-4FBB-BBEC-1379AAD9E8E1}"
EndProject
Project("{9A19103F-16F7-4668-BE54-9A1E7A4F7556}") = "Ex27", "Ex27\Ex27.csproj", "{5E8A1FF1-F2A3-4DDD-B906-946E5B955530}"
EndProject
Project("{9A19103F-16F7-4668-BE54-9A1E7A4F7556}") = "Ex28", "Ex28\Ex28.csproj", "{9D7C31E7-D95B-4F23-9134-10A17FA596D9}"
EndProject
Project("{9A19103F-16F7-4668-BE54-9A1E7A4F7556}") = "Ex30", "Ex30\Ex30.csproj", "{6FE8FD22-AD81-4600-A7A9-6341459BB8B9}"
EndProject
Project("{9A19103F-16F7-4668-BE54-9A1E7A4F7556}") = "Ex31", "Ex31\Ex31.csproj", "{B458CFAA-C415-450A-A07B-F70E8EF84AA0}"
EndProject
Project("{9A19103F-16F7-4668-BE54-9A1E7A4F7556}") = "Ex32", "Ex32\Ex32.csproj", "{965F9C7E-1E1D-4657-BEA5-3B474028463F}"
EndProject
Project("{9A19103F-16F7-4668-BE54-9A1E7A4F7556}") = "Ex33", "Ex33\Ex33.csproj", "{A2EB01CA-F714-414B-B120-13EC06FA8C38}"
EndProject
Project("{9A19103F-16F7-4668-BE54-9A1E7A4F7556}") = "Ex34", "Ex34\Ex34.csproj", "{9C2EEEF0-4E46-4745-A36C-CFD35C5CCDF0}"
EndProject
Project("{9A19103F-16F7-4668-BE54-9A1E7A4F7556}") = "Ex37", "Ex37\Ex37.csproj", "{29D7A8D1-55EE-4EB7-B108-F085FC670CE6}"
EndProject
Project("{9A19103F-16F7-4668-BE54-9A1E7A4F7556}") = "Ex39", "Ex39\Ex39.csproj", "{A798823C-9D94-4B6A-8C6B-975EE6712E76}"
EndProject
Project("{9A19103F-16F7-4668-BE54-9A1E7A4F7556}") = "Ex40", "Ex40\Ex40.csproj", "{E7A67735-0329-47F7-B374-3EAD1C310912}"
EndProject
Project("{9A19103F-16F7-4668-BE54-9A1E7A4F7556}") = "Ex44", "Ex44\Ex44.csproj", "{C251B9EA-0A65-4BA0-81DB-7FFA18947805}"
EndProject
Project("{9A19103F-16F7-4668-BE54-9A1E7A4F7556}") = "Ex45", "Ex45\Ex45.csproj", "{BEF6EEDE-B287-4473-83CC-75C28B9BEAD9}"
EndProject
Project("{9A19103F-16F7-4668-BE54-9A1E7A4F7556}") = "Ex47", "Ex47\Ex47.csproj", "{2E2A3000-34E7-418A-8D0C-AAB3243F3F23}"
EndProject
Project("{9A19103F-16F7-4668-BE54-9A1E7A4F7556}") = "Ex48", "Ex48\Ex48.csproj", "{39DCCE8D-69AE-452B-A074-7851AB4BDA2B}"
EndProject
Project("{9A19103F-16F7-4668-BE54-9A1E7A4F7556}") = "Ex50", "Ex50\Ex50.csproj", "{018FB598-ED05-4E01-8B78-1ACB3F69F226}"
EndProject
Project("{9A19103F-16F7-4668-BE54-9A1E7A4F7556}") = "Ex53", "Ex53\Ex53.csproj", "{6289EC78-DE44-49B5-83EA-A36ECCD99A09}"
EndProject
Project("{9A19103F-16F7-4668-BE54-9A1E7A4F7556}") = "Ex54", "Ex54\Ex54.csproj", "{53AF3368-CD4E-451A-9A09-91437CC9E6A8}"
EndProject
Project("{9A19103F-16F7-4668-BE54-9A1E7A4F7556}") = "Ex55", "Ex55\Ex55.csproj", "{47A93509-EF17-4ACC-BB7E-D55507DA85FA}"
EndProject
Project("{9A19103F-16F7-4668-BE54-9A1E7A4F7556}") = "Ex56", "Ex56\Ex56.csproj", "{EBA4AC66-C7D7-404B-9D9E-EA8EFF0CCE82}"
EndProject
Project("{9A19103F-16F7-4668-BE54-9A1E7A4F7556}") = "Ex58", "Ex58\Ex58.csproj", "{38E726F9-FD22-4AD2-AB35-6AF897DA25D2}"
EndProject
Project("{9A19103F-16F7-4668-BE54-9A1E7A4F7556}") = "Ex61", "Ex61\Ex61.csproj", "{222E7849-C924-4DC5-8144-C3A7BB2C7D7E}"
EndProject
Project("{FAE04EC0-301F-11D3-BF4B-00C04F79EFBC}") = "Ex60", "Ex60\Ex60.csproj", "{FD7C27A7-A906-4024-A996-656D16B51061}"
EndProject
Global
	GlobalSection(SolutionConfigurationPlatforms) = preSolution
		Debug|Any CPU = Debug|Any CPU
		Release|Any CPU = Release|Any CPU
	EndGlobalSection
	GlobalSection(ProjectConfigurationPlatforms) = postSolution
		{B9795ED0-5068-4603-9324-FEC2144C1100}.Debug|Any CPU.ActiveCfg = Debug|Any CPU
		{B9795ED0-5068-4603-9324-FEC2144C1100}.Debug|Any CPU.Build.0 = Debug|Any CPU
		{B9795ED0-5068-4603-9324-FEC2144C1100}.Release|Any CPU.ActiveCfg = Release|Any CPU
		{B9795ED0-5068-4603-9324-FEC2144C1100}.Release|Any CPU.Build.0 = Release|Any CPU
		{92E3B179-B8C9-43EB-8367-8A7AF58E02CB}.Debug|Any CPU.ActiveCfg = Debug|Any CPU
		{92E3B179-B8C9-43EB-8367-8A7AF58E02CB}.Debug|Any CPU.Build.0 = Debug|Any CPU
		{92E3B179-B8C9-43EB-8367-8A7AF58E02CB}.Release|Any CPU.ActiveCfg = Release|Any CPU
		{92E3B179-B8C9-43EB-8367-8A7AF58E02CB}.Release|Any CPU.Build.0 = Release|Any CPU
		{D6C5A15D-ED47-41B8-9303-D935A676E98D}.Debug|Any CPU.ActiveCfg = Debug|Any CPU
		{D6C5A15D-ED47-41B8-9303-D935A676E98D}.Debug|Any CPU.Build.0 = Debug|Any CPU
		{D6C5A15D-ED47-41B8-9303-D935A676E98D}.Release|Any CPU.ActiveCfg = Release|Any CPU
		{D6C5A15D-ED47-41B8-9303-D935A676E98D}.Release|Any CPU.Build.0 = Release|Any CPU
		{1008AE41-5431-47F9-AA57-57403A174FA9}.Debug|Any CPU.ActiveCfg = Debug|Any CPU
		{1008AE41-5431-47F9-AA57-57403A174FA9}.Debug|Any CPU.Build.0 = Debug|Any CPU
		{1008AE41-5431-47F9-AA57-57403A174FA9}.Release|Any CPU.ActiveCfg = Release|Any CPU
		{1008AE41-5431-47F9-AA57-57403A174FA9}.Release|Any CPU.Build.0 = Release|Any CPU
		{96B96CE4-3FAD-425E-8FC4-E78C3D65CF37}.Debug|Any CPU.ActiveCfg = Debug|Any CPU
		{96B96CE4-3FAD-425E-8FC4-E78C3D65CF37}.Debug|Any CPU.Build.0 = Debug|Any CPU
		{96B96CE4-3FAD-425E-8FC4-E78C3D65CF37}.Release|Any CPU.ActiveCfg = Release|Any CPU
		{96B96CE4-3FAD-425E-8FC4-E78C3D65CF37}.Release|Any CPU.Build.0 = Release|Any CPU
		{AEB7DECC-189D-430D-A575-DD080AE657BD}.Debug|Any CPU.ActiveCfg = Debug|Any CPU
		{AEB7DECC-189D-430D-A575-DD080AE657BD}.Debug|Any CPU.Build.0 = Debug|Any CPU
		{AEB7DECC-189D-430D-A575-DD080AE657BD}.Release|Any CPU.ActiveCfg = Release|Any CPU
		{AEB7DECC-189D-430D-A575-DD080AE657BD}.Release|Any CPU.Build.0 = Release|Any CPU
		{9F032EE4-EBFA-4E10-9FBE-91A18584F104}.Debug|Any CPU.ActiveCfg = Debug|Any CPU
		{9F032EE4-EBFA-4E10-9FBE-91A18584F104}.Debug|Any CPU.Build.0 = Debug|Any CPU
		{9F032EE4-EBFA-4E10-9FBE-91A18584F104}.Release|Any CPU.ActiveCfg = Release|Any CPU
		{9F032EE4-EBFA-4E10-9FBE-91A18584F104}.Release|Any CPU.Build.0 = Release|Any CPU
		{A2C4D3E5-D6C3-486F-80BC-6F048F60C915}.Debug|Any CPU.ActiveCfg = Debug|Any CPU
		{A2C4D3E5-D6C3-486F-80BC-6F048F60C915}.Debug|Any CPU.Build.0 = Debug|Any CPU
		{A2C4D3E5-D6C3-486F-80BC-6F048F60C915}.Release|Any CPU.ActiveCfg = Release|Any CPU
		{A2C4D3E5-D6C3-486F-80BC-6F048F60C915}.Release|Any CPU.Build.0 = Release|Any CPU
		{9E010F40-8A92-432E-9AEB-CD7740DF2A25}.Debug|Any CPU.ActiveCfg = Debug|Any CPU
		{9E010F40-8A92-432E-9AEB-CD7740DF2A25}.Debug|Any CPU.Build.0 = Debug|Any CPU
		{9E010F40-8A92-432E-9AEB-CD7740DF2A25}.Release|Any CPU.ActiveCfg = Release|Any CPU
		{9E010F40-8A92-432E-9AEB-CD7740DF2A25}.Release|Any CPU.Build.0 = Release|Any CPU
		{0C4C9EFC-647C-4EAE-A076-A4B868DCDA8F}.Debug|Any CPU.ActiveCfg = Debug|Any CPU
		{0C4C9EFC-647C-4EAE-A076-A4B868DCDA8F}.Debug|Any CPU.Build.0 = Debug|Any CPU
		{0C4C9EFC-647C-4EAE-A076-A4B868DCDA8F}.Release|Any CPU.ActiveCfg = Release|Any CPU
		{0C4C9EFC-647C-4EAE-A076-A4B868DCDA8F}.Release|Any CPU.Build.0 = Release|Any CPU
		{A03B6526-EAB3-43D2-AAEB-58927E16F09D}.Debug|Any CPU.ActiveCfg = Debug|Any CPU
		{A03B6526-EAB3-43D2-AAEB-58927E16F09D}.Debug|Any CPU.Build.0 = Debug|Any CPU
		{A03B6526-EAB3-43D2-AAEB-58927E16F09D}.Release|Any CPU.ActiveCfg = Release|Any CPU
		{A03B6526-EAB3-43D2-AAEB-58927E16F09D}.Release|Any CPU.Build.0 = Release|Any CPU
		{52B63821-B908-44AC-B2CF-B237D5920F01}.Debug|Any CPU.ActiveCfg = Debug|Any CPU
		{52B63821-B908-44AC-B2CF-B237D5920F01}.Debug|Any CPU.Build.0 = Debug|Any CPU
		{52B63821-B908-44AC-B2CF-B237D5920F01}.Release|Any CPU.ActiveCfg = Release|Any CPU
		{52B63821-B908-44AC-B2CF-B237D5920F01}.Release|Any CPU.Build.0 = Release|Any CPU
		{66AE9719-FDD6-4B07-B094-85E3F7933E04}.Debug|Any CPU.ActiveCfg = Debug|Any CPU
		{66AE9719-FDD6-4B07-B094-85E3F7933E04}.Debug|Any CPU.Build.0 = Debug|Any CPU
		{66AE9719-FDD6-4B07-B094-85E3F7933E04}.Release|Any CPU.ActiveCfg = Release|Any CPU
		{66AE9719-FDD6-4B07-B094-85E3F7933E04}.Release|Any CPU.Build.0 = Release|Any CPU
		{ED61999E-C3F8-4FBB-BBEC-1379AAD9E8E1}.Debug|Any CPU.ActiveCfg = Debug|Any CPU
		{ED61999E-C3F8-4FBB-BBEC-1379AAD9E8E1}.Debug|Any CPU.Build.0 = Debug|Any CPU
		{ED61999E-C3F8-4FBB-BBEC-1379AAD9E8E1}.Release|Any CPU.ActiveCfg = Release|Any CPU
		{ED61999E-C3F8-4FBB-BBEC-1379AAD9E8E1}.Release|Any CPU.Build.0 = Release|Any CPU
		{5E8A1FF1-F2A3-4DDD-B906-946E5B955530}.Debug|Any CPU.ActiveCfg = Debug|Any CPU
		{5E8A1FF1-F2A3-4DDD-B906-946E5B955530}.Debug|Any CPU.Build.0 = Debug|Any CPU
		{5E8A1FF1-F2A3-4DDD-B906-946E5B955530}.Release|Any CPU.ActiveCfg = Release|Any CPU
		{5E8A1FF1-F2A3-4DDD-B906-946E5B955530}.Release|Any CPU.Build.0 = Release|Any CPU
		{9D7C31E7-D95B-4F23-9134-10A17FA596D9}.Debug|Any CPU.ActiveCfg = Debug|Any CPU
		{9D7C31E7-D95B-4F23-9134-10A17FA596D9}.Debug|Any CPU.Build.0 = Debug|Any CPU
		{9D7C31E7-D95B-4F23-9134-10A17FA596D9}.Release|Any CPU.ActiveCfg = Release|Any CPU
		{9D7C31E7-D95B-4F23-9134-10A17FA596D9}.Release|Any CPU.Build.0 = Release|Any CPU
		{6FE8FD22-AD81-4600-A7A9-6341459BB8B9}.Debug|Any CPU.ActiveCfg = Debug|Any CPU
		{6FE8FD22-AD81-4600-A7A9-6341459BB8B9}.Debug|Any CPU.Build.0 = Debug|Any CPU
		{6FE8FD22-AD81-4600-A7A9-6341459BB8B9}.Release|Any CPU.ActiveCfg = Release|Any CPU
		{6FE8FD22-AD81-4600-A7A9-6341459BB8B9}.Release|Any CPU.Build.0 = Release|Any CPU
		{B458CFAA-C415-450A-A07B-F70E8EF84AA0}.Debug|Any CPU.ActiveCfg = Debug|Any CPU
		{B458CFAA-C415-450A-A07B-F70E8EF84AA0}.Debug|Any CPU.Build.0 = Debug|Any CPU
		{B458CFAA-C415-450A-A07B-F70E8EF84AA0}.Release|Any CPU.ActiveCfg = Release|Any CPU
		{B458CFAA-C415-450A-A07B-F70E8EF84AA0}.Release|Any CPU.Build.0 = Release|Any CPU
		{965F9C7E-1E1D-4657-BEA5-3B474028463F}.Debug|Any CPU.ActiveCfg = Debug|Any CPU
		{965F9C7E-1E1D-4657-BEA5-3B474028463F}.Debug|Any CPU.Build.0 = Debug|Any CPU
		{965F9C7E-1E1D-4657-BEA5-3B474028463F}.Release|Any CPU.ActiveCfg = Release|Any CPU
		{965F9C7E-1E1D-4657-BEA5-3B474028463F}.Release|Any CPU.Build.0 = Release|Any CPU
		{A2EB01CA-F714-414B-B120-13EC06FA8C38}.Debug|Any CPU.ActiveCfg = Debug|Any CPU
		{A2EB01CA-F714-414B-B120-13EC06FA8C38}.Debug|Any CPU.Build.0 = Debug|Any CPU
		{A2EB01CA-F714-414B-B120-13EC06FA8C38}.Release|Any CPU.ActiveCfg = Release|Any CPU
		{A2EB01CA-F714-414B-B120-13EC06FA8C38}.Release|Any CPU.Build.0 = Release|Any CPU
		{9C2EEEF0-4E46-4745-A36C-CFD35C5CCDF0}.Debug|Any CPU.ActiveCfg = Debug|Any CPU
		{9C2EEEF0-4E46-4745-A36C-CFD35C5CCDF0}.Debug|Any CPU.Build.0 = Debug|Any CPU
		{9C2EEEF0-4E46-4745-A36C-CFD35C5CCDF0}.Release|Any CPU.ActiveCfg = Release|Any CPU
		{9C2EEEF0-4E46-4745-A36C-CFD35C5CCDF0}.Release|Any CPU.Build.0 = Release|Any CPU
		{29D7A8D1-55EE-4EB7-B108-F085FC670CE6}.Debug|Any CPU.ActiveCfg = Debug|Any CPU
		{29D7A8D1-55EE-4EB7-B108-F085FC670CE6}.Debug|Any CPU.Build.0 = Debug|Any CPU
		{29D7A8D1-55EE-4EB7-B108-F085FC670CE6}.Release|Any CPU.ActiveCfg = Release|Any CPU
		{29D7A8D1-55EE-4EB7-B108-F085FC670CE6}.Release|Any CPU.Build.0 = Release|Any CPU
		{A798823C-9D94-4B6A-8C6B-975EE6712E76}.Debug|Any CPU.ActiveCfg = Debug|Any CPU
		{A798823C-9D94-4B6A-8C6B-975EE6712E76}.Debug|Any CPU.Build.0 = Debug|Any CPU
		{A798823C-9D94-4B6A-8C6B-975EE6712E76}.Release|Any CPU.ActiveCfg = Release|Any CPU
		{A798823C-9D94-4B6A-8C6B-975EE6712E76}.Release|Any CPU.Build.0 = Release|Any CPU
		{E7A67735-0329-47F7-B374-3EAD1C310912}.Debug|Any CPU.ActiveCfg = Debug|Any CPU
		{E7A67735-0329-47F7-B374-3EAD1C310912}.Debug|Any CPU.Build.0 = Debug|Any CPU
		{E7A67735-0329-47F7-B374-3EAD1C310912}.Release|Any CPU.ActiveCfg = Release|Any CPU
		{E7A67735-0329-47F7-B374-3EAD1C310912}.Release|Any CPU.Build.0 = Release|Any CPU
		{C251B9EA-0A65-4BA0-81DB-7FFA18947805}.Debug|Any CPU.ActiveCfg = Debug|Any CPU
		{C251B9EA-0A65-4BA0-81DB-7FFA18947805}.Debug|Any CPU.Build.0 = Debug|Any CPU
		{C251B9EA-0A65-4BA0-81DB-7FFA18947805}.Release|Any CPU.ActiveCfg = Release|Any CPU
		{C251B9EA-0A65-4BA0-81DB-7FFA18947805}.Release|Any CPU.Build.0 = Release|Any CPU
		{BEF6EEDE-B287-4473-83CC-75C28B9BEAD9}.Debug|Any CPU.ActiveCfg = Debug|Any CPU
		{BEF6EEDE-B287-4473-83CC-75C28B9BEAD9}.Debug|Any CPU.Build.0 = Debug|Any CPU
		{BEF6EEDE-B287-4473-83CC-75C28B9BEAD9}.Release|Any CPU.ActiveCfg = Release|Any CPU
		{BEF6EEDE-B287-4473-83CC-75C28B9BEAD9}.Release|Any CPU.Build.0 = Release|Any CPU
		{2E2A3000-34E7-418A-8D0C-AAB3243F3F23}.Debug|Any CPU.ActiveCfg = Debug|Any CPU
		{2E2A3000-34E7-418A-8D0C-AAB3243F3F23}.Debug|Any CPU.Build.0 = Debug|Any CPU
		{2E2A3000-34E7-418A-8D0C-AAB3243F3F23}.Release|Any CPU.ActiveCfg = Release|Any CPU
		{2E2A3000-34E7-418A-8D0C-AAB3243F3F23}.Release|Any CPU.Build.0 = Release|Any CPU
		{39DCCE8D-69AE-452B-A074-7851AB4BDA2B}.Debug|Any CPU.ActiveCfg = Debug|Any CPU
		{39DCCE8D-69AE-452B-A074-7851AB4BDA2B}.Debug|Any CPU.Build.0 = Debug|Any CPU
		{39DCCE8D-69AE-452B-A074-7851AB4BDA2B}.Release|Any CPU.ActiveCfg = Release|Any CPU
		{39DCCE8D-69AE-452B-A074-7851AB4BDA2B}.Release|Any CPU.Build.0 = Release|Any CPU
		{018FB598-ED05-4E01-8B78-1ACB3F69F226}.Debug|Any CPU.ActiveCfg = Debug|Any CPU
		{018FB598-ED05-4E01-8B78-1ACB3F69F226}.Debug|Any CPU.Build.0 = Debug|Any CPU
		{018FB598-ED05-4E01-8B78-1ACB3F69F226}.Release|Any CPU.ActiveCfg = Release|Any CPU
		{018FB598-ED05-4E01-8B78-1ACB3F69F226}.Release|Any CPU.Build.0 = Release|Any CPU
		{6289EC78-DE44-49B5-83EA-A36ECCD99A09}.Debug|Any CPU.ActiveCfg = Debug|Any CPU
		{6289EC78-DE44-49B5-83EA-A36ECCD99A09}.Debug|Any CPU.Build.0 = Debug|Any CPU
		{6289EC78-DE44-49B5-83EA-A36ECCD99A09}.Release|Any CPU.ActiveCfg = Release|Any CPU
		{6289EC78-DE44-49B5-83EA-A36ECCD99A09}.Release|Any CPU.Build.0 = Release|Any CPU
		{53AF3368-CD4E-451A-9A09-91437CC9E6A8}.Debug|Any CPU.ActiveCfg = Debug|Any CPU
		{53AF3368-CD4E-451A-9A09-91437CC9E6A8}.Debug|Any CPU.Build.0 = Debug|Any CPU
		{53AF3368-CD4E-451A-9A09-91437CC9E6A8}.Release|Any CPU.ActiveCfg = Release|Any CPU
		{53AF3368-CD4E-451A-9A09-91437CC9E6A8}.Release|Any CPU.Build.0 = Release|Any CPU
		{47A93509-EF17-4ACC-BB7E-D55507DA85FA}.Debug|Any CPU.ActiveCfg = Debug|Any CPU
		{47A93509-EF17-4ACC-BB7E-D55507DA85FA}.Debug|Any CPU.Build.0 = Debug|Any CPU
		{47A93509-EF17-4ACC-BB7E-D55507DA85FA}.Release|Any CPU.ActiveCfg = Release|Any CPU
		{47A93509-EF17-4ACC-BB7E-D55507DA85FA}.Release|Any CPU.Build.0 = Release|Any CPU
		{EBA4AC66-C7D7-404B-9D9E-EA8EFF0CCE82}.Debug|Any CPU.ActiveCfg = Debug|Any CPU
		{EBA4AC66-C7D7-404B-9D9E-EA8EFF0CCE82}.Debug|Any CPU.Build.0 = Debug|Any CPU
		{EBA4AC66-C7D7-404B-9D9E-EA8EFF0CCE82}.Release|Any CPU.ActiveCfg = Release|Any CPU
		{EBA4AC66-C7D7-404B-9D9E-EA8EFF0CCE82}.Release|Any CPU.Build.0 = Release|Any CPU
		{38E726F9-FD22-4AD2-AB35-6AF897DA25D2}.Debug|Any CPU.ActiveCfg = Debug|Any CPU
		{38E726F9-FD22-4AD2-AB35-6AF897DA25D2}.Debug|Any CPU.Build.0 = Debug|Any CPU
		{38E726F9-FD22-4AD2-AB35-6AF897DA25D2}.Release|Any CPU.ActiveCfg = Release|Any CPU
		{38E726F9-FD22-4AD2-AB35-6AF897DA25D2}.Release|Any CPU.Build.0 = Release|Any CPU
		{222E7849-C924-4DC5-8144-C3A7BB2C7D7E}.Debug|Any CPU.ActiveCfg = Debug|Any CPU
		{222E7849-C924-4DC5-8144-C3A7BB2C7D7E}.Debug|Any CPU.Build.0 = Debug|Any CPU
		{222E7849-C924-4DC5-8144-C3A7BB2C7D7E}.Release|Any CPU.ActiveCfg = Release|Any CPU
		{222E7849-C924-4DC5-8144-C3A7BB2C7D7E}.Release|Any CPU.Build.0 = Release|Any CPU
		{FD7C27A7-A906-4024-A996-656D16B51061}.Debug|Any CPU.ActiveCfg = Debug|Any CPU
		{FD7C27A7-A906-4024-A996-656D16B51061}.Debug|Any CPU.Build.0 = Debug|Any CPU
		{FD7C27A7-A906-4024-A996-656D16B51061}.Release|Any CPU.ActiveCfg = Release|Any CPU
		{FD7C27A7-A906-4024-A996-656D16B51061}.Release|Any CPU.Build.0 = Release|Any CPU
	EndGlobalSection
	GlobalSection(SolutionProperties) = preSolution
		HideSolutionNode = FALSE
	EndGlobalSection
	GlobalSection(ExtensibilityGlobals) = postSolution
		SolutionGuid = {6F639B8B-9EAC-4D84-AAEB-C70B785A8DDB}
	EndGlobalSection
EndGlobal
