
Microsoft Visual Studio Solution File, Format Version 12.00
# Visual Studio Version 16
VisualStudioVersion = 16.0.29409.12
MinimumVisualStudioVersion = 10.0.40219.1
Project("{FAE04EC0-301F-11D3-BF4B-00C04F79EFBC}") = "CodeFisrt_EF", "CodeFisrt_EF\CodeFisrt_EF.csproj", "{7B1079C4-BB55-446B-8F50-1B3AB7E9E5D6}"
EndProject
Global
	GlobalSection(SolutionConfigurationPlatforms) = preSolution
		Debug|Any CPU = Debug|Any CPU
		Release|Any CPU = Release|Any CPU
	EndGlobalSection
	GlobalSection(ProjectConfigurationPlatforms) = postSolution
		{7B1079C4-BB55-446B-8F50-1B3AB7E9E5D6}.Debug|Any CPU.ActiveCfg = Debug|Any CPU
		{7B1079C4-BB55-446B-8F50-1B3AB7E9E5D6}.Debug|Any CPU.Build.0 = Debug|Any CPU
		{7B1079C4-BB55-446B-8F50-1B3AB7E9E5D6}.Release|Any CPU.ActiveCfg = Release|Any CPU
		{7B1079C4-BB55-446B-8F50-1B3AB7E9E5D6}.Release|Any CPU.Build.0 = Release|Any CPU
	EndGlobalSection
	GlobalSection(SolutionProperties) = preSolution
		HideSolutionNode = FALSE
	EndGlobalSection
	GlobalSection(ExtensibilityGlobals) = postSolution
		SolutionGuid = {4C09883C-E21E-43DC-9599-445A82DCC957}
	EndGlobalSection
EndGlobal
