
Microsoft Visual Studio Solution File, Format Version 12.00
# Visual Studio Version 16
VisualStudioVersion = 16.0.29306.81
MinimumVisualStudioVersion = 10.0.40219.1
Project("{FAE04EC0-301F-11D3-BF4B-00C04F79EFBC}") = "QLCafe.API", "QLCafe.API\QLCafe.API.csproj", "{883A9A28-FB1D-4FB8-8078-6EA64256C42D}"
EndProject
Project("{FAE04EC0-301F-11D3-BF4B-00C04F79EFBC}") = "QLCafe.Domain", "QLCafe.Domain\QLCafe.Domain.csproj", "{0271890F-62D1-4B99-A744-C03153BB1048}"
EndProject
Project("{FAE04EC0-301F-11D3-BF4B-00C04F79EFBC}") = "QLCafe.DAL.Interface", "QLCafe.DAL.Interface\QLCafe.DAL.Interface.csproj", "{AE74403D-C044-477C-974E-D588C369A352}"
EndProject
Project("{FAE04EC0-301F-11D3-BF4B-00C04F79EFBC}") = "QLCafe.DAL", "QLCafe.DAL\QLCafe.DAL.csproj", "{BF08E7BF-1D72-426B-AC9B-875393412CDF}"
EndProject
Project("{FAE04EC0-301F-11D3-BF4B-00C04F79EFBC}") = "QLCafe.BAL.Interface", "QLCafe.BAL.Interface\QLCafe.BAL.Interface.csproj", "{7B2E766A-3B4A-4128-8EDE-F0F004579621}"
EndProject
Project("{FAE04EC0-301F-11D3-BF4B-00C04F79EFBC}") = "QLCafe.BAL", "QLCafe.BAL\QLCafe.BAL.csproj", "{0B518D9B-C399-4792-8A4C-E3E8F16245BE}"
EndProject
Global
	GlobalSection(SolutionConfigurationPlatforms) = preSolution
		Debug|Any CPU = Debug|Any CPU
		Release|Any CPU = Release|Any CPU
	EndGlobalSection
	GlobalSection(ProjectConfigurationPlatforms) = postSolution
		{883A9A28-FB1D-4FB8-8078-6EA64256C42D}.Debug|Any CPU.ActiveCfg = Debug|Any CPU
		{883A9A28-FB1D-4FB8-8078-6EA64256C42D}.Debug|Any CPU.Build.0 = Debug|Any CPU
		{883A9A28-FB1D-4FB8-8078-6EA64256C42D}.Release|Any CPU.ActiveCfg = Release|Any CPU
		{883A9A28-FB1D-4FB8-8078-6EA64256C42D}.Release|Any CPU.Build.0 = Release|Any CPU
		{0271890F-62D1-4B99-A744-C03153BB1048}.Debug|Any CPU.ActiveCfg = Debug|Any CPU
		{0271890F-62D1-4B99-A744-C03153BB1048}.Debug|Any CPU.Build.0 = Debug|Any CPU
		{0271890F-62D1-4B99-A744-C03153BB1048}.Release|Any CPU.ActiveCfg = Release|Any CPU
		{0271890F-62D1-4B99-A744-C03153BB1048}.Release|Any CPU.Build.0 = Release|Any CPU
		{AE74403D-C044-477C-974E-D588C369A352}.Debug|Any CPU.ActiveCfg = Debug|Any CPU
		{AE74403D-C044-477C-974E-D588C369A352}.Debug|Any CPU.Build.0 = Debug|Any CPU
		{AE74403D-C044-477C-974E-D588C369A352}.Release|Any CPU.ActiveCfg = Release|Any CPU
		{AE74403D-C044-477C-974E-D588C369A352}.Release|Any CPU.Build.0 = Release|Any CPU
		{BF08E7BF-1D72-426B-AC9B-875393412CDF}.Debug|Any CPU.ActiveCfg = Debug|Any CPU
		{BF08E7BF-1D72-426B-AC9B-875393412CDF}.Debug|Any CPU.Build.0 = Debug|Any CPU
		{BF08E7BF-1D72-426B-AC9B-875393412CDF}.Release|Any CPU.ActiveCfg = Release|Any CPU
		{BF08E7BF-1D72-426B-AC9B-875393412CDF}.Release|Any CPU.Build.0 = Release|Any CPU
		{7B2E766A-3B4A-4128-8EDE-F0F004579621}.Debug|Any CPU.ActiveCfg = Debug|Any CPU
		{7B2E766A-3B4A-4128-8EDE-F0F004579621}.Debug|Any CPU.Build.0 = Debug|Any CPU
		{7B2E766A-3B4A-4128-8EDE-F0F004579621}.Release|Any CPU.ActiveCfg = Release|Any CPU
		{7B2E766A-3B4A-4128-8EDE-F0F004579621}.Release|Any CPU.Build.0 = Release|Any CPU
		{0B518D9B-C399-4792-8A4C-E3E8F16245BE}.Debug|Any CPU.ActiveCfg = Debug|Any CPU
		{0B518D9B-C399-4792-8A4C-E3E8F16245BE}.Debug|Any CPU.Build.0 = Debug|Any CPU
		{0B518D9B-C399-4792-8A4C-E3E8F16245BE}.Release|Any CPU.ActiveCfg = Release|Any CPU
		{0B518D9B-C399-4792-8A4C-E3E8F16245BE}.Release|Any CPU.Build.0 = Release|Any CPU
	EndGlobalSection
	GlobalSection(SolutionProperties) = preSolution
		HideSolutionNode = FALSE
	EndGlobalSection
	GlobalSection(ExtensibilityGlobals) = postSolution
		SolutionGuid = {661AE82F-E53B-4C2C-A1B3-D96015313BD0}
	EndGlobalSection
EndGlobal
