
Microsoft Visual Studio Solution File, Format Version 12.00
# Visual Studio Version 16
VisualStudioVersion = 16.0.29209.62
MinimumVisualStudioVersion = 10.0.40219.1
Project("{FAE04EC0-301F-11D3-BF4B-00C04F79EFBC}") = "Sort", "Sort\Sort.csproj", "{EB248C74-BFEE-4B15-BFB5-409ABF724C8D}"
EndProject
Project("{FAE04EC0-301F-11D3-BF4B-00C04F79EFBC}") = "Recursion", "Recursion\Recursion.csproj", "{850A4C9C-FD86-446B-AE0E-33A53A3DF407}"
EndProject
Global
	GlobalSection(SolutionConfigurationPlatforms) = preSolution
		Debug|Any CPU = Debug|Any CPU
		Release|Any CPU = Release|Any CPU
	EndGlobalSection
	GlobalSection(ProjectConfigurationPlatforms) = postSolution
		{EB248C74-BFEE-4B15-BFB5-409ABF724C8D}.Debug|Any CPU.ActiveCfg = Debug|Any CPU
		{EB248C74-BFEE-4B15-BFB5-409ABF724C8D}.Debug|Any CPU.Build.0 = Debug|Any CPU
		{EB248C74-BFEE-4B15-BFB5-409ABF724C8D}.Release|Any CPU.ActiveCfg = Release|Any CPU
		{EB248C74-BFEE-4B15-BFB5-409ABF724C8D}.Release|Any CPU.Build.0 = Release|Any CPU
		{850A4C9C-FD86-446B-AE0E-33A53A3DF407}.Debug|Any CPU.ActiveCfg = Debug|Any CPU
		{850A4C9C-FD86-446B-AE0E-33A53A3DF407}.Debug|Any CPU.Build.0 = Debug|Any CPU
		{850A4C9C-FD86-446B-AE0E-33A53A3DF407}.Release|Any CPU.ActiveCfg = Release|Any CPU
		{850A4C9C-FD86-446B-AE0E-33A53A3DF407}.Release|Any CPU.Build.0 = Release|Any CPU
	EndGlobalSection
	GlobalSection(SolutionProperties) = preSolution
		HideSolutionNode = FALSE
	EndGlobalSection
	GlobalSection(ExtensibilityGlobals) = postSolution
		SolutionGuid = {CD096373-0CB2-4A94-9EB1-1CA2B0250C4E}
	EndGlobalSection
EndGlobal
