
Microsoft Visual Studio Solution File, Format Version 12.00
# Visual Studio Version 16
VisualStudioVersion = 16.0.29306.81
MinimumVisualStudioVersion = 10.0.40219.1
Project("{FAE04EC0-301F-11D3-BF4B-00C04F79EFBC}") = "Dapper_CRUD", "Dapper_CRUD\Dapper_CRUD.csproj", "{F8B85365-8F00-42D9-B39D-A18C10B7C748}"
EndProject
Global
	GlobalSection(SolutionConfigurationPlatforms) = preSolution
		Debug|Any CPU = Debug|Any CPU
		Release|Any CPU = Release|Any CPU
	EndGlobalSection
	GlobalSection(ProjectConfigurationPlatforms) = postSolution
		{F8B85365-8F00-42D9-B39D-A18C10B7C748}.Debug|Any CPU.ActiveCfg = Debug|Any CPU
		{F8B85365-8F00-42D9-B39D-A18C10B7C748}.Debug|Any CPU.Build.0 = Debug|Any CPU
		{F8B85365-8F00-42D9-B39D-A18C10B7C748}.Release|Any CPU.ActiveCfg = Release|Any CPU
		{F8B85365-8F00-42D9-B39D-A18C10B7C748}.Release|Any CPU.Build.0 = Release|Any CPU
	EndGlobalSection
	GlobalSection(SolutionProperties) = preSolution
		HideSolutionNode = FALSE
	EndGlobalSection
	GlobalSection(ExtensibilityGlobals) = postSolution
		SolutionGuid = {C868D28C-291E-4B9A-8A96-3DD6FF5284B9}
	EndGlobalSection
EndGlobal
